
Microsoft Visual Studio Solution File, Format Version 12.00
# Visual Studio Version 17
VisualStudioVersion = 17.12.35527.113 d17.12
MinimumVisualStudioVersion = 10.0.40219.1
Project("{FAE04EC0-301F-11D3-BF4B-00C04F79EFBC}") = "PetControlSystem", "PetControlSystem\PetControlSystem\PetControlSystem.csproj", "{B84B5FC7-3082-4076-85F0-0BA41E6A1B45}"
EndProject
Project("{FAE04EC0-301F-11D3-BF4B-00C04F79EFBC}") = "PetControlSystem.Client", "PetControlSystem\PetControlSystem.Client\PetControlSystem.Client.csproj", "{386FF063-2F77-4158-AFEB-04A9264BD7C9}"
EndProject
Global
	GlobalSection(SolutionConfigurationPlatforms) = preSolution
		Debug|Any CPU = Debug|Any CPU
		Release|Any CPU = Release|Any CPU
	EndGlobalSection
	GlobalSection(ProjectConfigurationPlatforms) = postSolution
		{B84B5FC7-3082-4076-85F0-0BA41E6A1B45}.Debug|Any CPU.ActiveCfg = Debug|Any CPU
		{B84B5FC7-3082-4076-85F0-0BA41E6A1B45}.Debug|Any CPU.Build.0 = Debug|Any CPU
		{B84B5FC7-3082-4076-85F0-0BA41E6A1B45}.Release|Any CPU.ActiveCfg = Release|Any CPU
		{B84B5FC7-3082-4076-85F0-0BA41E6A1B45}.Release|Any CPU.Build.0 = Release|Any CPU
		{386FF063-2F77-4158-AFEB-04A9264BD7C9}.Debug|Any CPU.ActiveCfg = Debug|Any CPU
		{386FF063-2F77-4158-AFEB-04A9264BD7C9}.Debug|Any CPU.Build.0 = Debug|Any CPU
		{386FF063-2F77-4158-AFEB-04A9264BD7C9}.Release|Any CPU.ActiveCfg = Release|Any CPU
		{386FF063-2F77-4158-AFEB-04A9264BD7C9}.Release|Any CPU.Build.0 = Release|Any CPU
	EndGlobalSection
	GlobalSection(SolutionProperties) = preSolution
		HideSolutionNode = FALSE
	EndGlobalSection
EndGlobal
